
Microsoft Visual Studio Solution File, Format Version 12.00
# Visual Studio Version 17
VisualStudioVersion = 17.3.32929.385
MinimumVisualStudioVersion = 10.0.40219.1
Project("{FAE04EC0-301F-11D3-BF4B-00C04F79EFBC}") = "csharp-oop-ecommerce-basic", "csharp-oop-ecommerce-basic\csharp-oop-ecommerce-basic.csproj", "{6A7AF68E-010E-4AD7-9110-E59FCC74E8C4}"
EndProject
Global
	GlobalSection(SolutionConfigurationPlatforms) = preSolution
		Debug|Any CPU = Debug|Any CPU
		Release|Any CPU = Release|Any CPU
	EndGlobalSection
	GlobalSection(ProjectConfigurationPlatforms) = postSolution
		{6A7AF68E-010E-4AD7-9110-E59FCC74E8C4}.Debug|Any CPU.ActiveCfg = Debug|Any CPU
		{6A7AF68E-010E-4AD7-9110-E59FCC74E8C4}.Debug|Any CPU.Build.0 = Debug|Any CPU
		{6A7AF68E-010E-4AD7-9110-E59FCC74E8C4}.Release|Any CPU.ActiveCfg = Release|Any CPU
		{6A7AF68E-010E-4AD7-9110-E59FCC74E8C4}.Release|Any CPU.Build.0 = Release|Any CPU
	EndGlobalSection
	GlobalSection(SolutionProperties) = preSolution
		HideSolutionNode = FALSE
	EndGlobalSection
	GlobalSection(ExtensibilityGlobals) = postSolution
		SolutionGuid = {1426FBEC-441B-44BF-9997-3F9E3EE43852}
	EndGlobalSection
EndGlobal
